
Microsoft Visual Studio Solution File, Format Version 12.00
# Visual Studio Version 16
VisualStudioVersion = 16.0.30717.126
MinimumVisualStudioVersion = 10.0.40219.1
Project("{FAE04EC0-301F-11D3-BF4B-00C04F79EFBC}") = "HastaneOtomasyonu", "HastaneOtomasyonu\HastaneOtomasyonu.csproj", "{970CDE07-BC8F-4A93-BFF7-49D8996FBF7E}"
EndProject
Global
	GlobalSection(SolutionConfigurationPlatforms) = preSolution
		Debug|Any CPU = Debug|Any CPU
		Release|Any CPU = Release|Any CPU
	EndGlobalSection
	GlobalSection(ProjectConfigurationPlatforms) = postSolution
		{970CDE07-BC8F-4A93-BFF7-49D8996FBF7E}.Debug|Any CPU.ActiveCfg = Debug|Any CPU
		{970CDE07-BC8F-4A93-BFF7-49D8996FBF7E}.Debug|Any CPU.Build.0 = Debug|Any CPU
		{970CDE07-BC8F-4A93-BFF7-49D8996FBF7E}.Release|Any CPU.ActiveCfg = Release|Any CPU
		{970CDE07-BC8F-4A93-BFF7-49D8996FBF7E}.Release|Any CPU.Build.0 = Release|Any CPU
	EndGlobalSection
	GlobalSection(SolutionProperties) = preSolution
		HideSolutionNode = FALSE
	EndGlobalSection
	GlobalSection(ExtensibilityGlobals) = postSolution
		SolutionGuid = {937065BD-302C-4A12-B0E0-1C8CEE75A619}
	EndGlobalSection
EndGlobal
